
Microsoft Visual Studio Solution File, Format Version 12.00
# Visual Studio 15
VisualStudioVersion = 15.0.27703.2035
MinimumVisualStudioVersion = 10.0.40219.1
Project("{FAE04EC0-301F-11D3-BF4B-00C04F79EFBC}") = "SimpleServer", "src\SimpleServer\SimpleServer.csproj", "{950071AD-461D-492A-B027-907A8CCB84A6}"
EndProject
Project("{930C7802-8A8C-48F9-8165-68863BCCD9DD}") = "Installer", "Installer\Installer.wixproj", "{83C2F8AC-D317-47F6-A17A-A624830577A9}"
EndProject
Project("{FAE04EC0-301F-11D3-BF4B-00C04F79EFBC}") = "BuildStep", "src\BuildStep\BuildStep.csproj", "{4EA87B64-E994-4BD2-8CE7-C55754CDB89D}"
EndProject
Project("{FAE04EC0-301F-11D3-BF4B-00C04F79EFBC}") = "Transcribe.Windows", "src\portable\Transcribe.Windows\Transcribe.Windows.csproj", "{259C1AE4-7715-4C7A-8ED1-2F0C71E90B0D}"
EndProject
Project("{FAE04EC0-301F-11D3-BF4B-00C04F79EFBC}") = "Transcribe.Linux", "src\portable\Transcribe.Linux\Transcribe.Linux.csproj", "{7D8F806F-B974-4F28-9C78-D40CD023F9A3}"
	ProjectSection(ProjectDependencies) = postProject
		{950071AD-461D-492A-B027-907A8CCB84A6} = {950071AD-461D-492A-B027-907A8CCB84A6}
	EndProjectSection
EndProject
Project("{9A19103F-16F7-4668-BE54-9A1E7A4F7556}") = "ReactShared", "src\portable\ReactShared\ReactShared.csproj", "{4CDD53C9-8CE2-4998-B57B-6652A6D3138D}"
EndProject
Project("{FAE04EC0-301F-11D3-BF4B-00C04F79EFBC}") = "Transcribe.Test", "src\portable\Transcribe.Test\Transcribe.Test.csproj", "{5BD5A8A3-48B2-4248-A6AE-8CAC22289480}"
EndProject
Project("{9A19103F-16F7-4668-BE54-9A1E7A4F7556}") = "UpdateSharedResources", "src\UpdateSharedResources\UpdateSharedResources.csproj", "{67A674DA-4A70-42D9-A3DB-E9049DEEFC77}"
EndProject
Global
	GlobalSection(SolutionConfigurationPlatforms) = preSolution
		Debug|Any CPU = Debug|Any CPU
		Debug|x86 = Debug|x86
		Release|Any CPU = Release|Any CPU
		Release|x86 = Release|x86
	EndGlobalSection
	GlobalSection(ProjectConfigurationPlatforms) = postSolution
		{950071AD-461D-492A-B027-907A8CCB84A6}.Debug|Any CPU.ActiveCfg = Debug|Any CPU
		{950071AD-461D-492A-B027-907A8CCB84A6}.Debug|Any CPU.Build.0 = Debug|Any CPU
		{950071AD-461D-492A-B027-907A8CCB84A6}.Debug|x86.ActiveCfg = Debug|Any CPU
		{950071AD-461D-492A-B027-907A8CCB84A6}.Debug|x86.Build.0 = Debug|Any CPU
		{950071AD-461D-492A-B027-907A8CCB84A6}.Release|Any CPU.ActiveCfg = Release|Any CPU
		{950071AD-461D-492A-B027-907A8CCB84A6}.Release|Any CPU.Build.0 = Release|Any CPU
		{950071AD-461D-492A-B027-907A8CCB84A6}.Release|x86.ActiveCfg = Release|Any CPU
		{950071AD-461D-492A-B027-907A8CCB84A6}.Release|x86.Build.0 = Release|Any CPU
		{83C2F8AC-D317-47F6-A17A-A624830577A9}.Debug|Any CPU.ActiveCfg = Debug|x86
		{83C2F8AC-D317-47F6-A17A-A624830577A9}.Debug|x86.ActiveCfg = Debug|x86
		{83C2F8AC-D317-47F6-A17A-A624830577A9}.Debug|x86.Build.0 = Debug|x86
		{83C2F8AC-D317-47F6-A17A-A624830577A9}.Release|Any CPU.ActiveCfg = Release|x86
		{83C2F8AC-D317-47F6-A17A-A624830577A9}.Release|x86.ActiveCfg = Release|x86
		{83C2F8AC-D317-47F6-A17A-A624830577A9}.Release|x86.Build.0 = Release|x86
		{4EA87B64-E994-4BD2-8CE7-C55754CDB89D}.Debug|Any CPU.ActiveCfg = Debug|Any CPU
		{4EA87B64-E994-4BD2-8CE7-C55754CDB89D}.Debug|Any CPU.Build.0 = Debug|Any CPU
		{4EA87B64-E994-4BD2-8CE7-C55754CDB89D}.Debug|x86.ActiveCfg = Debug|x86
		{4EA87B64-E994-4BD2-8CE7-C55754CDB89D}.Debug|x86.Build.0 = Debug|x86
		{4EA87B64-E994-4BD2-8CE7-C55754CDB89D}.Release|Any CPU.ActiveCfg = Debug|Any CPU
		{4EA87B64-E994-4BD2-8CE7-C55754CDB89D}.Release|Any CPU.Build.0 = Debug|Any CPU
		{4EA87B64-E994-4BD2-8CE7-C55754CDB89D}.Release|x86.ActiveCfg = Debug|x86
		{4EA87B64-E994-4BD2-8CE7-C55754CDB89D}.Release|x86.Build.0 = Debug|x86
		{259C1AE4-7715-4C7A-8ED1-2F0C71E90B0D}.Debug|Any CPU.ActiveCfg = Debug|Any CPU
		{259C1AE4-7715-4C7A-8ED1-2F0C71E90B0D}.Debug|Any CPU.Build.0 = Debug|Any CPU
		{259C1AE4-7715-4C7A-8ED1-2F0C71E90B0D}.Debug|x86.ActiveCfg = Debug|x86
		{259C1AE4-7715-4C7A-8ED1-2F0C71E90B0D}.Debug|x86.Build.0 = Debug|x86
		{259C1AE4-7715-4C7A-8ED1-2F0C71E90B0D}.Release|Any CPU.ActiveCfg = Release|Any CPU
		{259C1AE4-7715-4C7A-8ED1-2F0C71E90B0D}.Release|Any CPU.Build.0 = Release|Any CPU
		{259C1AE4-7715-4C7A-8ED1-2F0C71E90B0D}.Release|x86.ActiveCfg = Release|x86
		{259C1AE4-7715-4C7A-8ED1-2F0C71E90B0D}.Release|x86.Build.0 = Release|x86
		{7D8F806F-B974-4F28-9C78-D40CD023F9A3}.Debug|Any CPU.ActiveCfg = Debug|Any CPU
		{7D8F806F-B974-4F28-9C78-D40CD023F9A3}.Debug|Any CPU.Build.0 = Debug|Any CPU
		{7D8F806F-B974-4F28-9C78-D40CD023F9A3}.Debug|x86.ActiveCfg = Debug|Any CPU
		{7D8F806F-B974-4F28-9C78-D40CD023F9A3}.Debug|x86.Build.0 = Debug|Any CPU
		{7D8F806F-B974-4F28-9C78-D40CD023F9A3}.Release|Any CPU.ActiveCfg = Release|Any CPU
		{7D8F806F-B974-4F28-9C78-D40CD023F9A3}.Release|Any CPU.Build.0 = Release|Any CPU
		{7D8F806F-B974-4F28-9C78-D40CD023F9A3}.Release|x86.ActiveCfg = Release|Any CPU
		{7D8F806F-B974-4F28-9C78-D40CD023F9A3}.Release|x86.Build.0 = Release|Any CPU
		{4CDD53C9-8CE2-4998-B57B-6652A6D3138D}.Debug|Any CPU.ActiveCfg = Debug|Any CPU
		{4CDD53C9-8CE2-4998-B57B-6652A6D3138D}.Debug|Any CPU.Build.0 = Debug|Any CPU
		{4CDD53C9-8CE2-4998-B57B-6652A6D3138D}.Debug|x86.ActiveCfg = Debug|Any CPU
		{4CDD53C9-8CE2-4998-B57B-6652A6D3138D}.Debug|x86.Build.0 = Debug|Any CPU
		{4CDD53C9-8CE2-4998-B57B-6652A6D3138D}.Release|Any CPU.ActiveCfg = Release|Any CPU
		{4CDD53C9-8CE2-4998-B57B-6652A6D3138D}.Release|Any CPU.Build.0 = Release|Any CPU
		{4CDD53C9-8CE2-4998-B57B-6652A6D3138D}.Release|x86.ActiveCfg = Release|Any CPU
		{4CDD53C9-8CE2-4998-B57B-6652A6D3138D}.Release|x86.Build.0 = Release|Any CPU
		{5BD5A8A3-48B2-4248-A6AE-8CAC22289480}.Debug|Any CPU.ActiveCfg = Debug|Any CPU
		{5BD5A8A3-48B2-4248-A6AE-8CAC22289480}.Debug|Any CPU.Build.0 = Debug|Any CPU
		{5BD5A8A3-48B2-4248-A6AE-8CAC22289480}.Debug|x86.ActiveCfg = Debug|Any CPU
		{5BD5A8A3-48B2-4248-A6AE-8CAC22289480}.Debug|x86.Build.0 = Debug|Any CPU
		{5BD5A8A3-48B2-4248-A6AE-8CAC22289480}.Release|Any CPU.ActiveCfg = Release|Any CPU
		{5BD5A8A3-48B2-4248-A6AE-8CAC22289480}.Release|Any CPU.Build.0 = Release|Any CPU
		{5BD5A8A3-48B2-4248-A6AE-8CAC22289480}.Release|x86.ActiveCfg = Release|Any CPU
		{5BD5A8A3-48B2-4248-A6AE-8CAC22289480}.Release|x86.Build.0 = Release|Any CPU
		{67A674DA-4A70-42D9-A3DB-E9049DEEFC77}.Debug|Any CPU.ActiveCfg = Debug|Any CPU
		{67A674DA-4A70-42D9-A3DB-E9049DEEFC77}.Debug|Any CPU.Build.0 = Debug|Any CPU
		{67A674DA-4A70-42D9-A3DB-E9049DEEFC77}.Debug|x86.ActiveCfg = Debug|Any CPU
		{67A674DA-4A70-42D9-A3DB-E9049DEEFC77}.Debug|x86.Build.0 = Debug|Any CPU
		{67A674DA-4A70-42D9-A3DB-E9049DEEFC77}.Release|Any CPU.ActiveCfg = Release|Any CPU
		{67A674DA-4A70-42D9-A3DB-E9049DEEFC77}.Release|Any CPU.Build.0 = Release|Any CPU
		{67A674DA-4A70-42D9-A3DB-E9049DEEFC77}.Release|x86.ActiveCfg = Release|Any CPU
		{67A674DA-4A70-42D9-A3DB-E9049DEEFC77}.Release|x86.Build.0 = Release|Any CPU
	EndGlobalSection
	GlobalSection(SolutionProperties) = preSolution
		HideSolutionNode = FALSE
	EndGlobalSection
	GlobalSection(ExtensibilityGlobals) = postSolution
		SolutionGuid = {0E70E293-DF02-40DD-8C41-DAF74CA741ED}
	EndGlobalSection
EndGlobal
